{
  "lockfileVersion": 2,
  "configVersion": 1,
  "workspaces": {
    "": {
      "devDependencies": {
        "lefthook": "^2.1.16",
      },
    },
  },
  "packages": {
    "lefthook": ["lefthook@2.1.16", "", { "optionalDependencies": { "lefthook-darwin-arm64": "2.1.16", "lefthook-darwin-x64": "2.1.16", "lefthook-freebsd-arm64": "2.1.16", "lefthook-freebsd-x64": "2.1.16", "lefthook-linux-arm64": "2.1.16", "lefthook-linux-x64": "2.1.16", "lefthook-openbsd-arm64": "2.1.16", "lefthook-openbsd-x64": "2.1.16", "lefthook-windows-arm64": "2.1.16", "lefthook-windows-x64": "2.1.16" }, "bin": { "lefthook": "bin/index.js" } }, "sha512-U69YGDNsZ7R+umeSzdLzORNCHQFz/w4LKyNTjJQcGrQRQCr8hlCJfJwwm9sqq9Uc5N6dImS58ywURA0FkqoHlg=="],

    "lefthook-darwin-arm64": ["lefthook-darwin-arm64@2.1.16", "", { "os": "darwin", "cpu": "arm64" }, "sha512-oOjS1mn3UGNfo72UtR9VJMyulgbjvLkv5KEmJVgfWiO8wZ4Z469o2ZllvH5FrHluzv4Hlkc9OG+vnCP+5/ztMA=="],

    "lefthook-darwin-x64": ["lefthook-darwin-x64@2.1.16", "", { "os": "darwin", "cpu": "x64" }, "sha512-/thON8TbzsqXBjF0hkVPsisBJOKGfss0+lVqcJ0jNwaRDIQSn6Frsn7c9eqs7uyMNEQKUVLTeIkpwPrNldT8JA=="],

    "lefthook-freebsd-arm64": ["lefthook-freebsd-arm64@2.1.16", "", { "os": "freebsd", "cpu": "arm64" }, "sha512-Eg7s0gcGwZnQqYyWTfOqb+2qupXtmHt/XHftXJvLhTaTMXR6uQbAyl7ceYTl2wH43AOCLrJ5BMMdqlWJaj/EbA=="],

    "lefthook-freebsd-x64": ["lefthook-freebsd-x64@2.1.16", "", { "os": "freebsd", "cpu": "x64" }, "sha512-vCmyKLO8mtAf+hm8rpfAlt4wQ23S7AGnlT6JlrLPBSt5V8J2kXuI/N1W2XQbWx6OqckqchhBdLQP3Xh4IiYBXA=="],

    "lefthook-linux-arm64": ["lefthook-linux-arm64@2.1.16", "", { "os": "linux", "cpu": "arm64" }, "sha512-zMEZ8x+PzXqjouEFsf2lWt2o0p5yvvT0YP0CpJC41y4FIRusx0sy3l+cjvKRIysLGOzKMr4V3/fE6w7f2KgwUw=="],

    "lefthook-linux-x64": ["lefthook-linux-x64@2.1.16", "", { "os": "linux", "cpu": "x64" }, "sha512-HdfNz3z5hzrEXyP5KC51os+2M6BThL4qMfu8rB777tbXzf7WMoxf/FV6mnzoqM1RN0K+KJAQYbnJatfPQhqusQ=="],

    "lefthook-openbsd-arm64": ["lefthook-openbsd-arm64@2.1.16", "", { "os": "openbsd", "cpu": "arm64" }, "sha512-zKkyN/ocUXOzFaLPn3ciucJ6CYcnUmqFsIwp7ge96sQ8l83omxL9rK0/KvSsMcus+TfHTNN+DFWVJxeMepPVtQ=="],

    "lefthook-openbsd-x64": ["lefthook-openbsd-x64@2.1.16", "", { "os": "openbsd", "cpu": "x64" }, "sha512-Ptu0D2JK1COlDK1lcr7F6WDGkCzQ80ozeTrqNzPEyBjUdZAFLwR5K5gWgaRtR06RSoYDC72RFxKM1QYnsfF0rQ=="],

    "lefthook-windows-arm64": ["lefthook-windows-arm64@2.1.16", "", { "os": "win32", "cpu": "arm64" }, "sha512-YTzFJwlF3qbHx+CCuiyDmDPASh6mYBp1I8zfTeGKI3L24Eoct6FUaGUlfAoz8SI3DECPmBhfNgAK4dZlX9Hd5g=="],

    "lefthook-windows-x64": ["lefthook-windows-x64@2.1.16", "", { "os": "win32", "cpu": "x64" }, "sha512-mQVpfaagdIZPJCGDeedRnslyd9JTc13vjmp02uu4X7cr/VZK94obwk96dhgsRp9+LL1XMhX5zTcb0zNLo1hC+A=="],
  }
}
