{
  "lockfileVersion": 2,
  "configVersion": 1,
  "workspaces": {
    "": {
      "devDependencies": {
        "lefthook": "^2.1.14",
      },
    },
  },
  "packages": {
    "lefthook": ["lefthook@2.1.14", "", { "optionalDependencies": { "lefthook-darwin-arm64": "2.1.14", "lefthook-darwin-x64": "2.1.14", "lefthook-freebsd-arm64": "2.1.14", "lefthook-freebsd-x64": "2.1.14", "lefthook-linux-arm64": "2.1.14", "lefthook-linux-x64": "2.1.14", "lefthook-openbsd-arm64": "2.1.14", "lefthook-openbsd-x64": "2.1.14", "lefthook-windows-arm64": "2.1.14", "lefthook-windows-x64": "2.1.14" }, "bin": { "lefthook": "bin/index.js" } }, "sha512-Y9TL1dmpRlIdSp73SJ6bb+xAZ4s2SinGTK3pgC9PRWMSjMr2iOfowPGnlSOfAo5fu6S5rdiItsQDxeLEWCGk4g=="],

    "lefthook-darwin-arm64": ["lefthook-darwin-arm64@2.1.14", "", { "os": "darwin", "cpu": "arm64" }, "sha512-VMUAqY81+8ph7Mc0iROd3JWqj2sOuK7SYDyd8ZgzYVKChCt+Nnz8ehd4gUwprJy7QI28IFSUh1M3wnIRiYh+fA=="],

    "lefthook-darwin-x64": ["lefthook-darwin-x64@2.1.14", "", { "os": "darwin", "cpu": "x64" }, "sha512-uSmjcPRU+yB+D6vk+u6WJDnyHlB+XIv1QZw97N2+qNGG2bNSLH/7MuJ6puCdJv+lVPBEO5wBjE3JIbaEzPOQCw=="],

    "lefthook-freebsd-arm64": ["lefthook-freebsd-arm64@2.1.14", "", { "os": "freebsd", "cpu": "arm64" }, "sha512-po/pmjbp/7BjE9RFfeDnh+CeNsA0d+utppOYKB425I7mgI1GcmT8GAZ9DDut4DIutNjVqKL/lzrj+F87Gm40Rg=="],

    "lefthook-freebsd-x64": ["lefthook-freebsd-x64@2.1.14", "", { "os": "freebsd", "cpu": "x64" }, "sha512-+KiXiFjJf7YdHUYjzhDsklcA5bAFZN+pNcz/NbBftrhVTwzNALNoK+SYEKt+9QJsrzL6tpDWmHHFpeLGp+8t8w=="],

    "lefthook-linux-arm64": ["lefthook-linux-arm64@2.1.14", "", { "os": "linux", "cpu": "arm64" }, "sha512-bjeJB16ftJaPWGTedssh8ZrqRy1ACfQuTV7a0O3NU1FoIsJtfHOm0o0mV4cPf4q+ZCVCwq1Xf2I11qUpuJFV4Q=="],

    "lefthook-linux-x64": ["lefthook-linux-x64@2.1.14", "", { "os": "linux", "cpu": "x64" }, "sha512-gYExzjU2w3uKrP1MklbHENS1cXUdCQRIiEJkykI7q4RjhIHi+mQEUAZLxZw93a6jE2pNWaO0me5tB8EbEt4/GQ=="],

    "lefthook-openbsd-arm64": ["lefthook-openbsd-arm64@2.1.14", "", { "os": "openbsd", "cpu": "arm64" }, "sha512-MCW76gTlEMBF3Ds8O63UTxjaSguha/5zT0U3Vr719I1sXueSpttfRmm/5YfIB4MygB116yA/Vi+DsizT/X0kcg=="],

    "lefthook-openbsd-x64": ["lefthook-openbsd-x64@2.1.14", "", { "os": "openbsd", "cpu": "x64" }, "sha512-salAc1PAhLI6xrB9pth5UxALQlTOGvZAfaAvgFwixhkdu8D//uW8zS3faFq31ktd1bDAy5wDI8p9yg+fF5+2uA=="],

    "lefthook-windows-arm64": ["lefthook-windows-arm64@2.1.14", "", { "os": "win32", "cpu": "arm64" }, "sha512-q3JC6lBrYLzkhXEhfnmFxJF47gSd5JeDweH3aNrHoLGX/KkRiOrk9RSyoRwSuGq03EYxSkJhl1FLj2GUxF7VqQ=="],

    "lefthook-windows-x64": ["lefthook-windows-x64@2.1.14", "", { "os": "win32", "cpu": "x64" }, "sha512-WwIxdwW1lDAaJUU3ETcKlCtdqluGr3Cy+LjKvP4QIQnFf0FEXL78THstIkZ6k6qhfUn7/WvyqSIf0cbTAKw2nQ=="],
  }
}
